
Microsoft Visual Studio Solution File, Format Version 12.00
# Visual Studio Version 16
VisualStudioVersion = 16.0.30804.86
MinimumVisualStudioVersion = 10.0.40219.1
Project("{9A19103F-16F7-4668-BE54-9A1E7A4F7556}") = "Task011", "Task011\Task011.csproj", "{99B6B715-872C-4F34-A893-F64D665322EC}"
EndProject
Project("{9A19103F-16F7-4668-BE54-9A1E7A4F7556}") = "Task012", "Task012\Task012.csproj", "{C3216EFA-E4A0-4421-947E-F4365F46E6A2}"
EndProject
Project("{9A19103F-16F7-4668-BE54-9A1E7A4F7556}") = "Task013", "Task013\Task013.csproj", "{5DDF2C24-8640-49A8-B5DB-13032F6A6063}"
EndProject
Project("{9A19103F-16F7-4668-BE54-9A1E7A4F7556}") = "Task014", "Task014\Task014.csproj", "{F78836B9-759E-4C57-A378-3B0C12D9DAD0}"
EndProject
Project("{9A19103F-16F7-4668-BE54-9A1E7A4F7556}") = "Task015", "Task015\Task015.csproj", "{C645D6E3-3ED3-4BB7-8329-5729AE95103C}"
EndProject
Project("{9A19103F-16F7-4668-BE54-9A1E7A4F7556}") = "Task016", "Task016\Task016.csproj", "{F5431EDA-D7FE-40C8-8891-99CAD4666CCC}"
EndProject
Project("{9A19103F-16F7-4668-BE54-9A1E7A4F7556}") = "Task017", "Task017\Task017.csproj", "{A50FCD78-4537-42E3-A342-8E918D08A6EE}"
EndProject
Project("{9A19103F-16F7-4668-BE54-9A1E7A4F7556}") = "Task018", "Task018\Task018.csproj", "{637CA68C-16BA-4103-8B38-7061E96DFFC2}"
EndProject
Project("{9A19103F-16F7-4668-BE54-9A1E7A4F7556}") = "Task021", "Task021\Task021.csproj", "{F19F0891-984C-45A7-8034-C5A7461B3C50}"
EndProject
Project("{9A19103F-16F7-4668-BE54-9A1E7A4F7556}") = "Task022", "Task022\Task022.csproj", "{DBB0129F-FB16-4597-9DFD-AB4C64AC116F}"
EndProject
Project("{9A19103F-16F7-4668-BE54-9A1E7A4F7556}") = "Task023", "Task023\Task023.csproj", "{C79E0AEE-4000-48D9-8C6B-85DD986793EF}"
EndProject
Project("{9A19103F-16F7-4668-BE54-9A1E7A4F7556}") = "Task025", "Task025\Task025.csproj", "{7CE6C2D6-A9A1-401F-BAD2-B3D05B95C320}"
EndProject
Project("{9A19103F-16F7-4668-BE54-9A1E7A4F7556}") = "Task024", "Task024test\Task024.csproj", "{3EE381EC-086F-4D9A-9849-1D5B2F8C957B}"
EndProject
Project("{9A19103F-16F7-4668-BE54-9A1E7A4F7556}") = "Task026", "Task026\Task026.csproj", "{C562C84C-8064-49E3-93F1-5BE3594DC6EA}"
EndProject
Project("{9A19103F-16F7-4668-BE54-9A1E7A4F7556}") = "Task027", "Task027\Task027.csproj", "{A71BB27C-9D06-440A-BFA0-2929CA4EDF04}"
EndProject
Project("{9A19103F-16F7-4668-BE54-9A1E7A4F7556}") = "Task028", "Task028\Task028.csproj", "{BFC67947-927D-4FE6-AFFF-F2B844870319}"
EndProject
Project("{9A19103F-16F7-4668-BE54-9A1E7A4F7556}") = "Task031", "Task031\Task031.csproj", "{2DEDE3CF-2CAB-47A6-A5E0-CF69B5DD1EF6}"
EndProject
Project("{9A19103F-16F7-4668-BE54-9A1E7A4F7556}") = "Task032", "Task032\Task032.csproj", "{99FAD5FE-D74B-4D86-97A5-E6C8A561F331}"
EndProject
Project("{9A19103F-16F7-4668-BE54-9A1E7A4F7556}") = "Task033", "Taask033\Task033.csproj", "{2918E318-28F6-4698-841E-3147361D4463}"
EndProject
Project("{9A19103F-16F7-4668-BE54-9A1E7A4F7556}") = "Task034", "Task034\Task034.csproj", "{6BABAAE9-3130-4A18-A1EA-831F1F58B2D8}"
EndProject
Project("{9A19103F-16F7-4668-BE54-9A1E7A4F7556}") = "Task035", "Task035\Task035.csproj", "{5F923333-E680-4AB5-81FD-4211EFEE2A73}"
EndProject
Project("{9A19103F-16F7-4668-BE54-9A1E7A4F7556}") = "Task036", "Task036\Task036.csproj", "{EAC995D4-4803-4DFB-90FB-6348E1ADE77A}"
EndProject
Project("{9A19103F-16F7-4668-BE54-9A1E7A4F7556}") = "Task041", "Task041\Task041.csproj", "{8CC56EB7-D076-434E-ABD2-97926C8C795D}"
EndProject
Project("{9A19103F-16F7-4668-BE54-9A1E7A4F7556}") = "Task042", "Task042\Task042.csproj", "{F6C1CCC8-4300-46D7-84B7-AF1B99495CE5}"
EndProject
Project("{9A19103F-16F7-4668-BE54-9A1E7A4F7556}") = "Task043", "Task043\Task043.csproj", "{9CD0D30C-D6DA-46DE-A41B-B3C9CD5CB464}"
EndProject
Project("{FAE04EC0-301F-11D3-BF4B-00C04F79EFBC}") = "Task044", "Task044\Task044.csproj", "{2F04A72F-F59F-4813-B2AB-1378DDE66354}"
EndProject
Project("{FAE04EC0-301F-11D3-BF4B-00C04F79EFBC}") = "Task051", "Task051\Task051.csproj", "{AEDA7FE0-D0B9-42E6-99B6-4723E558D064}"
EndProject
Project("{FAE04EC0-301F-11D3-BF4B-00C04F79EFBC}") = "Task052", "Task052\Task052.csproj", "{CCAC8AE2-472D-4CA0-A3A8-A89C6AC9B6C8}"
EndProject
Project("{FAE04EC0-301F-11D3-BF4B-00C04F79EFBC}") = "Task053", "Task053\Task053.csproj", "{620CB292-54D8-4A0F-BE93-3673D287C6B6}"
EndProject
Project("{FAE04EC0-301F-11D3-BF4B-00C04F79EFBC}") = "Task054", "Task054\Task054.csproj", "{FDA02BB5-0637-40EE-8FAA-78CED6017CAA}"
EndProject
Project("{FAE04EC0-301F-11D3-BF4B-00C04F79EFBC}") = "Task055", "Task055\Task055.csproj", "{070BF939-16BC-474E-9857-D8B5C8859F4C}"
EndProject
Global
	GlobalSection(SolutionConfigurationPlatforms) = preSolution
		Debug|Any CPU = Debug|Any CPU
		Release|Any CPU = Release|Any CPU
	EndGlobalSection
	GlobalSection(ProjectConfigurationPlatforms) = postSolution
		{99B6B715-872C-4F34-A893-F64D665322EC}.Debug|Any CPU.ActiveCfg = Debug|Any CPU
		{99B6B715-872C-4F34-A893-F64D665322EC}.Debug|Any CPU.Build.0 = Debug|Any CPU
		{99B6B715-872C-4F34-A893-F64D665322EC}.Release|Any CPU.ActiveCfg = Release|Any CPU
		{99B6B715-872C-4F34-A893-F64D665322EC}.Release|Any CPU.Build.0 = Release|Any CPU
		{C3216EFA-E4A0-4421-947E-F4365F46E6A2}.Debug|Any CPU.ActiveCfg = Debug|Any CPU
		{C3216EFA-E4A0-4421-947E-F4365F46E6A2}.Debug|Any CPU.Build.0 = Debug|Any CPU
		{C3216EFA-E4A0-4421-947E-F4365F46E6A2}.Release|Any CPU.ActiveCfg = Release|Any CPU
		{C3216EFA-E4A0-4421-947E-F4365F46E6A2}.Release|Any CPU.Build.0 = Release|Any CPU
		{5DDF2C24-8640-49A8-B5DB-13032F6A6063}.Debug|Any CPU.ActiveCfg = Debug|Any CPU
		{5DDF2C24-8640-49A8-B5DB-13032F6A6063}.Debug|Any CPU.Build.0 = Debug|Any CPU
		{5DDF2C24-8640-49A8-B5DB-13032F6A6063}.Release|Any CPU.ActiveCfg = Release|Any CPU
		{5DDF2C24-8640-49A8-B5DB-13032F6A6063}.Release|Any CPU.Build.0 = Release|Any CPU
		{F78836B9-759E-4C57-A378-3B0C12D9DAD0}.Debug|Any CPU.ActiveCfg = Debug|Any CPU
		{F78836B9-759E-4C57-A378-3B0C12D9DAD0}.Debug|Any CPU.Build.0 = Debug|Any CPU
		{F78836B9-759E-4C57-A378-3B0C12D9DAD0}.Release|Any CPU.ActiveCfg = Release|Any CPU
		{F78836B9-759E-4C57-A378-3B0C12D9DAD0}.Release|Any CPU.Build.0 = Release|Any CPU
		{C645D6E3-3ED3-4BB7-8329-5729AE95103C}.Debug|Any CPU.ActiveCfg = Debug|Any CPU
		{C645D6E3-3ED3-4BB7-8329-5729AE95103C}.Debug|Any CPU.Build.0 = Debug|Any CPU
		{C645D6E3-3ED3-4BB7-8329-5729AE95103C}.Release|Any CPU.ActiveCfg = Release|Any CPU
		{C645D6E3-3ED3-4BB7-8329-5729AE95103C}.Release|Any CPU.Build.0 = Release|Any CPU
		{F5431EDA-D7FE-40C8-8891-99CAD4666CCC}.Debug|Any CPU.ActiveCfg = Debug|Any CPU
		{F5431EDA-D7FE-40C8-8891-99CAD4666CCC}.Debug|Any CPU.Build.0 = Debug|Any CPU
		{F5431EDA-D7FE-40C8-8891-99CAD4666CCC}.Release|Any CPU.ActiveCfg = Release|Any CPU
		{F5431EDA-D7FE-40C8-8891-99CAD4666CCC}.Release|Any CPU.Build.0 = Release|Any CPU
		{A50FCD78-4537-42E3-A342-8E918D08A6EE}.Debug|Any CPU.ActiveCfg = Debug|Any CPU
		{A50FCD78-4537-42E3-A342-8E918D08A6EE}.Debug|Any CPU.Build.0 = Debug|Any CPU
		{A50FCD78-4537-42E3-A342-8E918D08A6EE}.Release|Any CPU.ActiveCfg = Release|Any CPU
		{A50FCD78-4537-42E3-A342-8E918D08A6EE}.Release|Any CPU.Build.0 = Release|Any CPU
		{637CA68C-16BA-4103-8B38-7061E96DFFC2}.Debug|Any CPU.ActiveCfg = Debug|Any CPU
		{637CA68C-16BA-4103-8B38-7061E96DFFC2}.Debug|Any CPU.Build.0 = Debug|Any CPU
		{637CA68C-16BA-4103-8B38-7061E96DFFC2}.Release|Any CPU.ActiveCfg = Release|Any CPU
		{637CA68C-16BA-4103-8B38-7061E96DFFC2}.Release|Any CPU.Build.0 = Release|Any CPU
		{F19F0891-984C-45A7-8034-C5A7461B3C50}.Debug|Any CPU.ActiveCfg = Debug|Any CPU
		{F19F0891-984C-45A7-8034-C5A7461B3C50}.Debug|Any CPU.Build.0 = Debug|Any CPU
		{F19F0891-984C-45A7-8034-C5A7461B3C50}.Release|Any CPU.ActiveCfg = Release|Any CPU
		{F19F0891-984C-45A7-8034-C5A7461B3C50}.Release|Any CPU.Build.0 = Release|Any CPU
		{DBB0129F-FB16-4597-9DFD-AB4C64AC116F}.Debug|Any CPU.ActiveCfg = Debug|Any CPU
		{DBB0129F-FB16-4597-9DFD-AB4C64AC116F}.Debug|Any CPU.Build.0 = Debug|Any CPU
		{DBB0129F-FB16-4597-9DFD-AB4C64AC116F}.Release|Any CPU.ActiveCfg = Release|Any CPU
		{DBB0129F-FB16-4597-9DFD-AB4C64AC116F}.Release|Any CPU.Build.0 = Release|Any CPU
		{C79E0AEE-4000-48D9-8C6B-85DD986793EF}.Debug|Any CPU.ActiveCfg = Debug|Any CPU
		{C79E0AEE-4000-48D9-8C6B-85DD986793EF}.Debug|Any CPU.Build.0 = Debug|Any CPU
		{C79E0AEE-4000-48D9-8C6B-85DD986793EF}.Release|Any CPU.ActiveCfg = Release|Any CPU
		{C79E0AEE-4000-48D9-8C6B-85DD986793EF}.Release|Any CPU.Build.0 = Release|Any CPU
		{7CE6C2D6-A9A1-401F-BAD2-B3D05B95C320}.Debug|Any CPU.ActiveCfg = Debug|Any CPU
		{7CE6C2D6-A9A1-401F-BAD2-B3D05B95C320}.Debug|Any CPU.Build.0 = Debug|Any CPU
		{7CE6C2D6-A9A1-401F-BAD2-B3D05B95C320}.Release|Any CPU.ActiveCfg = Release|Any CPU
		{7CE6C2D6-A9A1-401F-BAD2-B3D05B95C320}.Release|Any CPU.Build.0 = Release|Any CPU
		{3EE381EC-086F-4D9A-9849-1D5B2F8C957B}.Debug|Any CPU.ActiveCfg = Debug|Any CPU
		{3EE381EC-086F-4D9A-9849-1D5B2F8C957B}.Debug|Any CPU.Build.0 = Debug|Any CPU
		{3EE381EC-086F-4D9A-9849-1D5B2F8C957B}.Release|Any CPU.ActiveCfg = Release|Any CPU
		{3EE381EC-086F-4D9A-9849-1D5B2F8C957B}.Release|Any CPU.Build.0 = Release|Any CPU
		{C562C84C-8064-49E3-93F1-5BE3594DC6EA}.Debug|Any CPU.ActiveCfg = Debug|Any CPU
		{C562C84C-8064-49E3-93F1-5BE3594DC6EA}.Debug|Any CPU.Build.0 = Debug|Any CPU
		{C562C84C-8064-49E3-93F1-5BE3594DC6EA}.Release|Any CPU.ActiveCfg = Release|Any CPU
		{C562C84C-8064-49E3-93F1-5BE3594DC6EA}.Release|Any CPU.Build.0 = Release|Any CPU
		{A71BB27C-9D06-440A-BFA0-2929CA4EDF04}.Debug|Any CPU.ActiveCfg = Debug|Any CPU
		{A71BB27C-9D06-440A-BFA0-2929CA4EDF04}.Debug|Any CPU.Build.0 = Debug|Any CPU
		{A71BB27C-9D06-440A-BFA0-2929CA4EDF04}.Release|Any CPU.ActiveCfg = Release|Any CPU
		{A71BB27C-9D06-440A-BFA0-2929CA4EDF04}.Release|Any CPU.Build.0 = Release|Any CPU
		{BFC67947-927D-4FE6-AFFF-F2B844870319}.Debug|Any CPU.ActiveCfg = Debug|Any CPU
		{BFC67947-927D-4FE6-AFFF-F2B844870319}.Debug|Any CPU.Build.0 = Debug|Any CPU
		{BFC67947-927D-4FE6-AFFF-F2B844870319}.Release|Any CPU.ActiveCfg = Release|Any CPU
		{BFC67947-927D-4FE6-AFFF-F2B844870319}.Release|Any CPU.Build.0 = Release|Any CPU
		{2DEDE3CF-2CAB-47A6-A5E0-CF69B5DD1EF6}.Debug|Any CPU.ActiveCfg = Debug|Any CPU
		{2DEDE3CF-2CAB-47A6-A5E0-CF69B5DD1EF6}.Debug|Any CPU.Build.0 = Debug|Any CPU
		{2DEDE3CF-2CAB-47A6-A5E0-CF69B5DD1EF6}.Release|Any CPU.ActiveCfg = Release|Any CPU
		{2DEDE3CF-2CAB-47A6-A5E0-CF69B5DD1EF6}.Release|Any CPU.Build.0 = Release|Any CPU
		{99FAD5FE-D74B-4D86-97A5-E6C8A561F331}.Debug|Any CPU.ActiveCfg = Debug|Any CPU
		{99FAD5FE-D74B-4D86-97A5-E6C8A561F331}.Debug|Any CPU.Build.0 = Debug|Any CPU
		{99FAD5FE-D74B-4D86-97A5-E6C8A561F331}.Release|Any CPU.ActiveCfg = Release|Any CPU
		{99FAD5FE-D74B-4D86-97A5-E6C8A561F331}.Release|Any CPU.Build.0 = Release|Any CPU
		{2918E318-28F6-4698-841E-3147361D4463}.Debug|Any CPU.ActiveCfg = Debug|Any CPU
		{2918E318-28F6-4698-841E-3147361D4463}.Debug|Any CPU.Build.0 = Debug|Any CPU
		{2918E318-28F6-4698-841E-3147361D4463}.Release|Any CPU.ActiveCfg = Release|Any CPU
		{2918E318-28F6-4698-841E-3147361D4463}.Release|Any CPU.Build.0 = Release|Any CPU
		{6BABAAE9-3130-4A18-A1EA-831F1F58B2D8}.Debug|Any CPU.ActiveCfg = Debug|Any CPU
		{6BABAAE9-3130-4A18-A1EA-831F1F58B2D8}.Debug|Any CPU.Build.0 = Debug|Any CPU
		{6BABAAE9-3130-4A18-A1EA-831F1F58B2D8}.Release|Any CPU.ActiveCfg = Release|Any CPU
		{6BABAAE9-3130-4A18-A1EA-831F1F58B2D8}.Release|Any CPU.Build.0 = Release|Any CPU
		{5F923333-E680-4AB5-81FD-4211EFEE2A73}.Debug|Any CPU.ActiveCfg = Debug|Any CPU
		{5F923333-E680-4AB5-81FD-4211EFEE2A73}.Debug|Any CPU.Build.0 = Debug|Any CPU
		{5F923333-E680-4AB5-81FD-4211EFEE2A73}.Release|Any CPU.ActiveCfg = Release|Any CPU
		{5F923333-E680-4AB5-81FD-4211EFEE2A73}.Release|Any CPU.Build.0 = Release|Any CPU
		{EAC995D4-4803-4DFB-90FB-6348E1ADE77A}.Debug|Any CPU.ActiveCfg = Debug|Any CPU
		{EAC995D4-4803-4DFB-90FB-6348E1ADE77A}.Debug|Any CPU.Build.0 = Debug|Any CPU
		{EAC995D4-4803-4DFB-90FB-6348E1ADE77A}.Release|Any CPU.ActiveCfg = Release|Any CPU
		{EAC995D4-4803-4DFB-90FB-6348E1ADE77A}.Release|Any CPU.Build.0 = Release|Any CPU
		{8CC56EB7-D076-434E-ABD2-97926C8C795D}.Debug|Any CPU.ActiveCfg = Debug|Any CPU
		{8CC56EB7-D076-434E-ABD2-97926C8C795D}.Debug|Any CPU.Build.0 = Debug|Any CPU
		{8CC56EB7-D076-434E-ABD2-97926C8C795D}.Release|Any CPU.ActiveCfg = Release|Any CPU
		{8CC56EB7-D076-434E-ABD2-97926C8C795D}.Release|Any CPU.Build.0 = Release|Any CPU
		{F6C1CCC8-4300-46D7-84B7-AF1B99495CE5}.Debug|Any CPU.ActiveCfg = Debug|Any CPU
		{F6C1CCC8-4300-46D7-84B7-AF1B99495CE5}.Debug|Any CPU.Build.0 = Debug|Any CPU
		{F6C1CCC8-4300-46D7-84B7-AF1B99495CE5}.Release|Any CPU.ActiveCfg = Release|Any CPU
		{F6C1CCC8-4300-46D7-84B7-AF1B99495CE5}.Release|Any CPU.Build.0 = Release|Any CPU
		{9CD0D30C-D6DA-46DE-A41B-B3C9CD5CB464}.Debug|Any CPU.ActiveCfg = Debug|Any CPU
		{9CD0D30C-D6DA-46DE-A41B-B3C9CD5CB464}.Debug|Any CPU.Build.0 = Debug|Any CPU
		{9CD0D30C-D6DA-46DE-A41B-B3C9CD5CB464}.Release|Any CPU.ActiveCfg = Release|Any CPU
		{9CD0D30C-D6DA-46DE-A41B-B3C9CD5CB464}.Release|Any CPU.Build.0 = Release|Any CPU
		{2F04A72F-F59F-4813-B2AB-1378DDE66354}.Debug|Any CPU.ActiveCfg = Debug|Any CPU
		{2F04A72F-F59F-4813-B2AB-1378DDE66354}.Debug|Any CPU.Build.0 = Debug|Any CPU
		{2F04A72F-F59F-4813-B2AB-1378DDE66354}.Release|Any CPU.ActiveCfg = Release|Any CPU
		{2F04A72F-F59F-4813-B2AB-1378DDE66354}.Release|Any CPU.Build.0 = Release|Any CPU
		{AEDA7FE0-D0B9-42E6-99B6-4723E558D064}.Debug|Any CPU.ActiveCfg = Debug|Any CPU
		{AEDA7FE0-D0B9-42E6-99B6-4723E558D064}.Debug|Any CPU.Build.0 = Debug|Any CPU
		{AEDA7FE0-D0B9-42E6-99B6-4723E558D064}.Release|Any CPU.ActiveCfg = Release|Any CPU
		{AEDA7FE0-D0B9-42E6-99B6-4723E558D064}.Release|Any CPU.Build.0 = Release|Any CPU
		{CCAC8AE2-472D-4CA0-A3A8-A89C6AC9B6C8}.Debug|Any CPU.ActiveCfg = Debug|Any CPU
		{CCAC8AE2-472D-4CA0-A3A8-A89C6AC9B6C8}.Debug|Any CPU.Build.0 = Debug|Any CPU
		{CCAC8AE2-472D-4CA0-A3A8-A89C6AC9B6C8}.Release|Any CPU.ActiveCfg = Release|Any CPU
		{CCAC8AE2-472D-4CA0-A3A8-A89C6AC9B6C8}.Release|Any CPU.Build.0 = Release|Any CPU
		{620CB292-54D8-4A0F-BE93-3673D287C6B6}.Debug|Any CPU.ActiveCfg = Debug|Any CPU
		{620CB292-54D8-4A0F-BE93-3673D287C6B6}.Debug|Any CPU.Build.0 = Debug|Any CPU
		{620CB292-54D8-4A0F-BE93-3673D287C6B6}.Release|Any CPU.ActiveCfg = Release|Any CPU
		{620CB292-54D8-4A0F-BE93-3673D287C6B6}.Release|Any CPU.Build.0 = Release|Any CPU
		{FDA02BB5-0637-40EE-8FAA-78CED6017CAA}.Debug|Any CPU.ActiveCfg = Debug|Any CPU
		{FDA02BB5-0637-40EE-8FAA-78CED6017CAA}.Debug|Any CPU.Build.0 = Debug|Any CPU
		{FDA02BB5-0637-40EE-8FAA-78CED6017CAA}.Release|Any CPU.ActiveCfg = Release|Any CPU
		{FDA02BB5-0637-40EE-8FAA-78CED6017CAA}.Release|Any CPU.Build.0 = Release|Any CPU
		{070BF939-16BC-474E-9857-D8B5C8859F4C}.Debug|Any CPU.ActiveCfg = Debug|Any CPU
		{070BF939-16BC-474E-9857-D8B5C8859F4C}.Debug|Any CPU.Build.0 = Debug|Any CPU
		{070BF939-16BC-474E-9857-D8B5C8859F4C}.Release|Any CPU.ActiveCfg = Release|Any CPU
		{070BF939-16BC-474E-9857-D8B5C8859F4C}.Release|Any CPU.Build.0 = Release|Any CPU
	EndGlobalSection
	GlobalSection(SolutionProperties) = preSolution
		HideSolutionNode = FALSE
	EndGlobalSection
	GlobalSection(ExtensibilityGlobals) = postSolution
		SolutionGuid = {FB8ECF8D-F235-4FAE-9FAF-1FC2692B3181}
	EndGlobalSection
EndGlobal
